{
	"name": "dynamic_island",
	"version": "1.0.0",
	"lockfileVersion": 2,
	"requires": true,
	"packages": {
		"": {
			"name": "dynamic_island",
			"version": "1.0.0",
			"devDependencies": {
				"@autojs/types-pro9": "^9.1.20",
				"@types/node": "^18.7.13"
			}
		},
		"node_modules/@autojs/types-pro9": {
			"version": "9.1.20",
			"resolved": "https://registry.npmmirror.com/@autojs/types-pro9/-/types-pro9-9.1.20.tgz",
			"integrity": "sha512-WMkUf9rJBBM7NehLM+F2FUknx8DAdZbnQG66bB3IIdrcN9KanZBDIOdLHlsdn+ORhzKAuK/7Xp6t7MzLnSifWQ==",
			"dev": true
		},
		"node_modules/@types/node": {
			"version": "18.7.18",
			"resolved": "https://registry.npmmirror.com/@types/node/-/node-18.7.18.tgz",
			"integrity": "sha512-m+6nTEOadJZuTPkKR/SYK3A2d7FZrgElol9UP1Kae90VVU4a6mxnPuLiIW1m4Cq4gZ/nWb9GrdVXJCoCazDAbg==",
			"dev": true
		}
	},
	"dependencies": {
		"@autojs/types-pro9": {
			"version": "9.1.20",
			"resolved": "https://registry.npmmirror.com/@autojs/types-pro9/-/types-pro9-9.1.20.tgz",
			"integrity": "sha512-WMkUf9rJBBM7NehLM+F2FUknx8DAdZbnQG66bB3IIdrcN9KanZBDIOdLHlsdn+ORhzKAuK/7Xp6t7MzLnSifWQ==",
			"dev": true
		},
		"@types/node": {
			"version": "18.7.18",
			"resolved": "https://registry.npmmirror.com/@types/node/-/node-18.7.18.tgz",
			"integrity": "sha512-m+6nTEOadJZuTPkKR/SYK3A2d7FZrgElol9UP1Kae90VVU4a6mxnPuLiIW1m4Cq4gZ/nWb9GrdVXJCoCazDAbg==",
			"dev": true
		}
	}
}
