{
  "requires": true,
  "lockfileVersion": 1,
  "dependencies": {
    "@autojs/types-pro9": {
      "version": "9.1.20",
      "resolved": "https://registry.npmmirror.com/@autojs/types-pro9/-/types-pro9-9.1.20.tgz",
      "integrity": "sha512-WMkUf9rJBBM7NehLM+F2FUknx8DAdZbnQG66bB3IIdrcN9KanZBDIOdLHlsdn+ORhzKAuK/7Xp6t7MzLnSifWQ=="
    },
    "@types/node": {
      "version": "16.11.7",
      "resolved": "https://registry.npmmirror.com/@types/node/-/node-16.11.7.tgz",
      "integrity": "sha512-QB5D2sqfSjCmTuWcBWyJ+/44bcjO7VbjSbOE0ucoVbAsSNQc4Lt6QkgkVXkTDwkL4z/beecZNDvVX15D4P8Jbw=="
    }
  }
}
